
Microsoft Visual Studio Solution File, Format Version 12.00
# Visual Studio Version 16
VisualStudioVersion = 16.0.32929.386
MinimumVisualStudioVersion = 10.0.40219.1
Project("{9A19103F-16F7-4668-BE54-9A1E7A4F7556}") = "H645NF_HFT_2022231.Client", "H645NF_HFT_2022231.Client\H645NF_HFT_2022231.Client.csproj", "{33E2C55E-066E-45CB-81AF-E68FF1900E66}"
EndProject
Project("{9A19103F-16F7-4668-BE54-9A1E7A4F7556}") = "H645NF_HFT_2022231.Models", "H645NF_HFT_2022231.Models\H645NF_HFT_2022231.Models.csproj", "{31E0D1D8-5BED-4B25-AF52-8B8B5CB3BADB}"
EndProject
Project("{9A19103F-16F7-4668-BE54-9A1E7A4F7556}") = "H645NF_HFT_2022231.Logic", "H645NF_HFT_2022231.Logic\H645NF_HFT_2022231.Logic.csproj", "{EC59EEDA-9AE2-4117-B9EB-0033E99D19A0}"
EndProject
Project("{9A19103F-16F7-4668-BE54-9A1E7A4F7556}") = "H645NF_HFT_2022231.Repository", "H645NF_HFT_2022231.Repository\H645NF_HFT_2022231.Repository.csproj", "{2873E769-C338-45AE-98E9-CFFCC5FC1B43}"
EndProject
Project("{9A19103F-16F7-4668-BE54-9A1E7A4F7556}") = "H645NF_HFT_2022231.Test", "H645NF_HFT_2022231.Test\H645NF_HFT_2022231.Test.csproj", "{98C66C8E-7800-4D48-967E-54F80F66D4AF}"
EndProject
Project("{9A19103F-16F7-4668-BE54-9A1E7A4F7556}") = "H645NF_HFT_2022231.Endpoint", "H645NF_HFT_2022231.Endpoint\H645NF_HFT_2022231.Endpoint.csproj", "{A3168009-11A2-4938-9077-1F5CA3169662}"
EndProject
Project("{2150E333-8FDC-42A3-9474-1A3956D46DE8}") = "Backend", "Backend", "{A3E56AF7-6DDE-4434-AB9E-40D7D2142428}"
EndProject
Project("{2150E333-8FDC-42A3-9474-1A3956D46DE8}") = "Frontend", "Frontend", "{EFB1E5E1-AEA5-4EF8-969E-53A66ADDE9B2}"
EndProject
Project("{2150E333-8FDC-42A3-9474-1A3956D46DE8}") = "Shared", "Shared", "{62D4AD2C-13C8-4310-BE3C-FD0A8FA05947}"
EndProject
Project("{2150E333-8FDC-42A3-9474-1A3956D46DE8}") = "Others", "Others", "{BDBA9FF8-90D3-4BA7-99CF-379C2B1ADE0C}"
	ProjectSection(SolutionItems) = preProject
		.gitignore = .gitignore
	EndProjectSection
EndProject
Project("{FAE04EC0-301F-11D3-BF4B-00C04F79EFBC}") = "H645NF_HFT_2022231.WpfClient", "H645NF_HFT_2022231.WpfClient\H645NF_HFT_2022231.WpfClient.csproj", "{F2C4D072-F468-4AC9-B51B-DE02E449CC62}"
EndProject
Global
	GlobalSection(SolutionConfigurationPlatforms) = preSolution
		Debug|Any CPU = Debug|Any CPU
		Release|Any CPU = Release|Any CPU
	EndGlobalSection
	GlobalSection(ProjectConfigurationPlatforms) = postSolution
		{33E2C55E-066E-45CB-81AF-E68FF1900E66}.Debug|Any CPU.ActiveCfg = Debug|Any CPU
		{33E2C55E-066E-45CB-81AF-E68FF1900E66}.Debug|Any CPU.Build.0 = Debug|Any CPU
		{33E2C55E-066E-45CB-81AF-E68FF1900E66}.Release|Any CPU.ActiveCfg = Release|Any CPU
		{33E2C55E-066E-45CB-81AF-E68FF1900E66}.Release|Any CPU.Build.0 = Release|Any CPU
		{31E0D1D8-5BED-4B25-AF52-8B8B5CB3BADB}.Debug|Any CPU.ActiveCfg = Debug|Any CPU
		{31E0D1D8-5BED-4B25-AF52-8B8B5CB3BADB}.Debug|Any CPU.Build.0 = Debug|Any CPU
		{31E0D1D8-5BED-4B25-AF52-8B8B5CB3BADB}.Release|Any CPU.ActiveCfg = Release|Any CPU
		{31E0D1D8-5BED-4B25-AF52-8B8B5CB3BADB}.Release|Any CPU.Build.0 = Release|Any CPU
		{EC59EEDA-9AE2-4117-B9EB-0033E99D19A0}.Debug|Any CPU.ActiveCfg = Debug|Any CPU
		{EC59EEDA-9AE2-4117-B9EB-0033E99D19A0}.Debug|Any CPU.Build.0 = Debug|Any CPU
		{EC59EEDA-9AE2-4117-B9EB-0033E99D19A0}.Release|Any CPU.ActiveCfg = Release|Any CPU
		{EC59EEDA-9AE2-4117-B9EB-0033E99D19A0}.Release|Any CPU.Build.0 = Release|Any CPU
		{2873E769-C338-45AE-98E9-CFFCC5FC1B43}.Debug|Any CPU.ActiveCfg = Debug|Any CPU
		{2873E769-C338-45AE-98E9-CFFCC5FC1B43}.Debug|Any CPU.Build.0 = Debug|Any CPU
		{2873E769-C338-45AE-98E9-CFFCC5FC1B43}.Release|Any CPU.ActiveCfg = Release|Any CPU
		{2873E769-C338-45AE-98E9-CFFCC5FC1B43}.Release|Any CPU.Build.0 = Release|Any CPU
		{98C66C8E-7800-4D48-967E-54F80F66D4AF}.Debug|Any CPU.ActiveCfg = Debug|Any CPU
		{98C66C8E-7800-4D48-967E-54F80F66D4AF}.Debug|Any CPU.Build.0 = Debug|Any CPU
		{98C66C8E-7800-4D48-967E-54F80F66D4AF}.Release|Any CPU.ActiveCfg = Release|Any CPU
		{98C66C8E-7800-4D48-967E-54F80F66D4AF}.Release|Any CPU.Build.0 = Release|Any CPU
		{A3168009-11A2-4938-9077-1F5CA3169662}.Debug|Any CPU.ActiveCfg = Debug|Any CPU
		{A3168009-11A2-4938-9077-1F5CA3169662}.Debug|Any CPU.Build.0 = Debug|Any CPU
		{A3168009-11A2-4938-9077-1F5CA3169662}.Release|Any CPU.ActiveCfg = Release|Any CPU
		{A3168009-11A2-4938-9077-1F5CA3169662}.Release|Any CPU.Build.0 = Release|Any CPU
		{F2C4D072-F468-4AC9-B51B-DE02E449CC62}.Debug|Any CPU.ActiveCfg = Debug|Any CPU
		{F2C4D072-F468-4AC9-B51B-DE02E449CC62}.Debug|Any CPU.Build.0 = Debug|Any CPU
		{F2C4D072-F468-4AC9-B51B-DE02E449CC62}.Release|Any CPU.ActiveCfg = Release|Any CPU
		{F2C4D072-F468-4AC9-B51B-DE02E449CC62}.Release|Any CPU.Build.0 = Release|Any CPU
	EndGlobalSection
	GlobalSection(SolutionProperties) = preSolution
		HideSolutionNode = FALSE
	EndGlobalSection
	GlobalSection(NestedProjects) = preSolution
		{33E2C55E-066E-45CB-81AF-E68FF1900E66} = {EFB1E5E1-AEA5-4EF8-969E-53A66ADDE9B2}
		{31E0D1D8-5BED-4B25-AF52-8B8B5CB3BADB} = {62D4AD2C-13C8-4310-BE3C-FD0A8FA05947}
		{EC59EEDA-9AE2-4117-B9EB-0033E99D19A0} = {A3E56AF7-6DDE-4434-AB9E-40D7D2142428}
		{2873E769-C338-45AE-98E9-CFFCC5FC1B43} = {A3E56AF7-6DDE-4434-AB9E-40D7D2142428}
		{98C66C8E-7800-4D48-967E-54F80F66D4AF} = {A3E56AF7-6DDE-4434-AB9E-40D7D2142428}
		{A3168009-11A2-4938-9077-1F5CA3169662} = {A3E56AF7-6DDE-4434-AB9E-40D7D2142428}
		{F2C4D072-F468-4AC9-B51B-DE02E449CC62} = {EFB1E5E1-AEA5-4EF8-969E-53A66ADDE9B2}
	EndGlobalSection
	GlobalSection(ExtensibilityGlobals) = postSolution
		SolutionGuid = {EE5C6BAD-CF10-47C6-96CD-5F97A5737679}
	EndGlobalSection
EndGlobal
